// !$*UTF8*$!
{
	archiveVersion = 1;
	classes = {
	};
	objectVersion = 55;
	objects = {

/* Begin PBXBuildFile section */
		167B33B52710AB1E006A406A /* AppDelegate.swift in Sources */ = {isa = PBXBuildFile; fileRef = 167B33B42710AB1E006A406A /* AppDelegate.swift */; };
		167B33B72710AB1E006A406A /* SceneDelegate.swift in Sources */ = {isa = PBXBuildFile; fileRef = 167B33B62710AB1E006A406A /* SceneDelegate.swift */; };
		167B33B92710AB1E006A406A /* ViewController.swift in Sources */ = {isa = PBXBuildFile; fileRef = 167B33B82710AB1E006A406A /* ViewController.swift */; };
		167B33BC2710AB1E006A406A /* Main.storyboard in Resources */ = {isa = PBXBuildFile; fileRef = 167B33BA2710AB1E006A406A /* Main.storyboard */; };
		167B33BE2710AB20006A406A /* Assets.xcassets in Resources */ = {isa = PBXBuildFile; fileRef = 167B33BD2710AB20006A406A /* Assets.xcassets */; };
		167B33C12710AB20006A406A /* LaunchScreen.storyboard in Resources */ = {isa = PBXBuildFile; fileRef = 167B33BF2710AB20006A406A /* LaunchScreen.storyboard */; };
		167B33CC2710AB21006A406A /* CalculatorAppTests.swift in Sources */ = {isa = PBXBuildFile; fileRef = 167B33CB2710AB21006A406A /* CalculatorAppTests.swift */; };
		167B33D62710AB21006A406A /* CalculatorAppUITests.swift in Sources */ = {isa = PBXBuildFile; fileRef = 167B33D52710AB21006A406A /* CalculatorAppUITests.swift */; };
		167B33D82710AB21006A406A /* CalculatorAppUITestsLaunchTests.swift in Sources */ = {isa = PBXBuildFile; fileRef = 167B33D72710AB21006A406A /* CalculatorAppUITestsLaunchTests.swift */; };
/* End PBXBuildFile section */

/* Begin PBXContainerItemProxy section */
		167B33C82710AB21006A406A /* PBXContainerItemProxy */ = {
			isa = PBXContainerItemProxy;
			containerPortal = 167B33A92710AB1E006A406A /* Project object */;
			proxyType = 1;
			remoteGlobalIDString = 167B33B02710AB1E006A406A;
			remoteInfo = CalculatorApp;
		};
		167B33D22710AB21006A406A /* PBXContainerItemProxy */ = {
			isa = PBXContainerItemProxy;
			containerPortal = 167B33A92710AB1E006A406A /* Project object */;
			proxyType = 1;
			remoteGlobalIDString = 167B33B02710AB1E006A406A;
			remoteInfo = CalculatorApp;
		};
/* End PBXContainerItemProxy section */

/* Begin PBXFileReference section */
		167B33B12710AB1E006A406A /* CalculatorApp.app */ = {isa = PBXFileReference; explicitFileType = wrapper.application; includeInIndex = 0; path = CalculatorApp.app; sourceTree = BUILT_PRODUCTS_DIR; };
		167B33B42710AB1E006A406A /* AppDelegate.swift */ = {isa = PBXFileReference; lastKnownFileType = sourcecode.swift; path = AppDelegate.swift; sourceTree = "<group>"; };
		167B33B62710AB1E006A406A /* SceneDelegate.swift */ = {isa = PBXFileReference; lastKnownFileType = sourcecode.swift; path = SceneDelegate.swift; sourceTree = "<group>"; };
		167B33B82710AB1E006A406A /* ViewController.swift */ = {isa = PBXFileReference; lastKnownFileType = sourcecode.swift; path = ViewController.swift; sourceTree = "<group>"; };
		167B33BB2710AB1E006A406A /* Base */ = {isa = PBXFileReference; lastKnownFileType = file.storyboard; name = Base; path = Base.lproj/Main.storyboard; sourceTree = "<group>"; };
		167B33BD2710AB20006A406A /* Assets.xcassets */ = {isa = PBXFileReference; lastKnownFileType = folder.assetcatalog; path = Assets.xcassets; sourceTree = "<group>"; };
		167B33C02710AB20006A406A /* Base */ = {isa = PBXFileReference; lastKnownFileType = file.storyboard; name = Base; path = Base.lproj/LaunchScreen.storyboard; sourceTree = "<group>"; };
		167B33C22710AB20006A406A /* Info.plist */ = {isa = PBXFileReference; lastKnownFileType = text.plist.xml; path = Info.plist; sourceTree = "<group>"; };
		167B33C72710AB21006A406A /* CalculatorAppTests.xctest */ = {isa = PBXFileReference; explicitFileType = wrapper.cfbundle; includeInIndex = 0; path = CalculatorAppTests.xctest; sourceTree = BUILT_PRODUCTS_DIR; };
		167B33CB2710AB21006A406A /* CalculatorAppTests.swift */ = {isa = PBXFileReference; lastKnownFileType = sourcecode.swift; path = CalculatorAppTests.swift; sourceTree = "<group>"; };
		167B33D12710AB21006A406A /* CalculatorAppUITests.xctest */ = {isa = PBXFileReference; explicitFileType = wrapper.cfbundle; includeInIndex = 0; path = CalculatorAppUITests.xctest; sourceTree = BUILT_PRODUCTS_DIR; };
		167B33D52710AB21006A406A /* CalculatorAppUITests.swift */ = {isa = PBXFileReference; lastKnownFileType = sourcecode.swift; path = CalculatorAppUITests.swift; sourceTree = "<group>"; };
		167B33D72710AB21006A406A /* CalculatorAppUITestsLaunchTests.swift */ = {isa = PBXFileReference; lastKnownFileType = sourcecode.swift; path = CalculatorAppUITestsLaunchTests.swift; sourceTree = "<group>"; };
/* End PBXFileReference section */

/* Begin PBXFrameworksBuildPhase section */
		167B33AE2710AB1E006A406A /* Frameworks */ = {
			isa = PBXFrameworksBuildPhase;
			buildActionMask = 2147483647;
			files = (
			);
			runOnlyForDeploymentPostprocessing = 0;
		};
		167B33C42710AB21006A406A /* Frameworks */ = {
			isa = PBXFrameworksBuildPhase;
			buildActionMask = 2147483647;
			files = (
			);
			runOnlyForDeploymentPostprocessing = 0;
		};
		167B33CE2710AB21006A406A /* Frameworks */ = {
			isa = PBXFrameworksBuildPhase;
			buildActionMask = 2147483647;
			files = (
			);
			runOnlyForDeploymentPostprocessing = 0;
		};
/* End PBXFrameworksBuildPhase section */

/* Begin PBXGroup section */
		167B33A82710AB1E006A406A = {
			isa = PBXGroup;
			children = (
				167B33B32710AB1E006A406A /* CalculatorApp */,
				167B33CA2710AB21006A406A /* CalculatorAppTests */,
				167B33D42710AB21006A406A /* CalculatorAppUITests */,
				167B33B22710AB1E006A406A /* Products */,
			);
			sourceTree = "<group>";
		};
		167B33B22710AB1E006A406A /* Products */ = {
			isa = PBXGroup;
			children = (
				167B33B12710AB1E006A406A /* CalculatorApp.app */,
				167B33C72710AB21006A406A /* CalculatorAppTests.xctest */,
				167B33D12710AB21006A406A /* CalculatorAppUITests.xctest */,
			);
			name = Products;
			sourceTree = "<group>";
		};
		167B33B32710AB1E006A406A /* CalculatorApp */ = {
			isa = PBXGroup;
			children = (
				167B33B42710AB1E006A406A /* AppDelegate.swift */,
				167B33B62710AB1E006A406A /* SceneDelegate.swift */,
				167B33B82710AB1E006A406A /* ViewController.swift */,
				167B33BA2710AB1E006A406A /* Main.storyboard */,
				167B33BD2710AB20006A406A /* Assets.xcassets */,
				167B33BF2710AB20006A406A /* LaunchScreen.storyboard */,
				167B33C22710AB20006A406A /* Info.plist */,
			);
			path = CalculatorApp;
			sourceTree = "<group>";
		};
		167B33CA2710AB21006A406A /* CalculatorAppTests */ = {
			isa = PBXGroup;
			children = (
				167B33CB2710AB21006A406A /* CalculatorAppTests.swift */,
			);
			path = CalculatorAppTests;
			sourceTree = "<group>";
		};
		167B33D42710AB21006A406A /* CalculatorAppUITests */ = {
			isa = PBXGroup;
			children = (
				167B33D52710AB21006A406A /* CalculatorAppUITests.swift */,
				167B33D72710AB21006A406A /* CalculatorAppUITestsLaunchTests.swift */,
			);
			path = CalculatorAppUITests;
			sourceTree = "<group>";
		};
/* End PBXGroup section */

/* Begin PBXNativeTarget section */
		167B33B02710AB1E006A406A /* CalculatorApp */ = {
			isa = PBXNativeTarget;
			buildConfigurationList = 167B33DB2710AB21006A406A /* Build configuration list for PBXNativeTarget "CalculatorApp" */;
			buildPhases = (
				167B33AD2710AB1E006A406A /* Sources */,
				167B33AE2710AB1E006A406A /* Frameworks */,
				167B33AF2710AB1E006A406A /* Resources */,
			);
			buildRules = (
			);
			dependencies = (
			);
			name = CalculatorApp;
			productName = CalculatorApp;
			productReference = 167B33B12710AB1E006A406A /* CalculatorApp.app */;
			productType = "com.apple.product-type.application";
		};
		167B33C62710AB21006A406A /* CalculatorAppTests */ = {
			isa = PBXNativeTarget;
			buildConfigurationList = 167B33DE2710AB21006A406A /* Build configuration list for PBXNativeTarget "CalculatorAppTests" */;
			buildPhases = (
				167B33C32710AB21006A406A /* Sources */,
				167B33C42710AB21006A406A /* Frameworks */,
				167B33C52710AB21006A406A /* Resources */,
			);
			buildRules = (
			);
			dependencies = (
				167B33C92710AB21006A406A /* PBXTargetDependency */,
			);
			name = CalculatorAppTests;
			productName = CalculatorAppTests;
			productReference = 167B33C72710AB21006A406A /* CalculatorAppTests.xctest */;
			productType = "com.apple.product-type.bundle.unit-test";
		};
		167B33D02710AB21006A406A /* CalculatorAppUITests */ = {
			isa = PBXNativeTarget;
			buildConfigurationList = 167B33E12710AB21006A406A /* Build configuration list for PBXNativeTarget "CalculatorAppUITests" */;
			buildPhases = (
				167B33CD2710AB21006A406A /* Sources */,
				167B33CE2710AB21006A406A /* Frameworks */,
				167B33CF2710AB21006A406A /* Resources */,
			);
			buildRules = (
			);
			dependencies = (
				167B33D32710AB21006A406A /* PBXTargetDependency */,
			);
			name = CalculatorAppUITests;
			productName = CalculatorAppUITests;
			productReference = 167B33D12710AB21006A406A /* CalculatorAppUITests.xctest */;
			productType = "com.apple.product-type.bundle.ui-testing";
		};
/* End PBXNativeTarget section */

/* Begin PBXProject section */
		167B33A92710AB1E006A406A /* Project object */ = {
			isa = PBXProject;
			attributes = {
				BuildIndependentTargetsInParallel = 1;
				LastSwiftUpdateCheck = 1300;
				LastUpgradeCheck = 1300;
				TargetAttributes = {
					167B33B02710AB1E006A406A = {
						CreatedOnToolsVersion = 13.0;
					};
					167B33C62710AB21006A406A = {
						CreatedOnToolsVersion = 13.0;
						TestTargetID = 167B33B02710AB1E006A406A;
					};
					167B33D02710AB21006A406A = {
						CreatedOnToolsVersion = 13.0;
						TestTargetID = 167B33B02710AB1E006A406A;
					};
				};
			};
			buildConfigurationList = 167B33AC2710AB1E006A406A /* Build configuration list for PBXProject "CalculatorApp" */;
			compatibilityVersion = "Xcode 13.0";
			developmentRegion = en;
			hasScannedForEncodings = 0;
			knownRegions = (
				en,
				Base,
			);
			mainGroup = 167B33A82710AB1E006A406A;
			productRefGroup = 167B33B22710AB1E006A406A /* Products */;
			projectDirPath = "";
			projectRoot = "";
			targets = (
				167B33B02710AB1E006A406A /* CalculatorApp */,
				167B33C62710AB21006A406A /* CalculatorAppTests */,
				167B33D02710AB21006A406A /* CalculatorAppUITests */,
			);
		};
/* End PBXProject section */

/* Begin PBXResourcesBuildPhase section */
		167B33AF2710AB1E006A406A /* Resources */ = {
			isa = PBXResourcesBuildPhase;
			buildActionMask = 2147483647;
			files = (
				167B33C12710AB20006A406A /* LaunchScreen.storyboard in Resources */,
				167B33BE2710AB20006A406A /* Assets.xcassets in Resources */,
				167B33BC2710AB1E006A406A /* Main.storyboard in Resources */,
			);
			runOnlyForDeploymentPostprocessing = 0;
		};
		167B33C52710AB21006A406A /* Resources */ = {
			isa = PBXResourcesBuildPhase;
			buildActionMask = 2147483647;
			files = (
			);
			runOnlyForDeploymentPostprocessing = 0;
		};
		167B33CF2710AB21006A406A /* Resources */ = {
			isa = PBXResourcesBuildPhase;
			buildActionMask = 2147483647;
			files = (
			);
			runOnlyForDeploymentPostprocessing = 0;
		};
/* End PBXResourcesBuildPhase section */

/* Begin PBXSourcesBuildPhase section */
		167B33AD2710AB1E006A406A /* Sources */ = {
			isa = PBXSourcesBuildPhase;
			buildActionMask = 2147483647;
			files = (
				167B33B92710AB1E006A406A /* ViewController.swift in Sources */,
				167B33B52710AB1E006A406A /* AppDelegate.swift in Sources */,
				167B33B72710AB1E006A406A /* SceneDelegate.swift in Sources */,
			);
			runOnlyForDeploymentPostprocessing = 0;
		};
		167B33C32710AB21006A406A /* Sources */ = {
			isa = PBXSourcesBuildPhase;
			buildActionMask = 2147483647;
			files = (
				167B33CC2710AB21006A406A /* CalculatorAppTests.swift in Sources */,
			);
			runOnlyForDeploymentPostprocessing = 0;
		};
		167B33CD2710AB21006A406A /* Sources */ = {
			isa = PBXSourcesBuildPhase;
			buildActionMask = 2147483647;
			files = (
				167B33D82710AB21006A406A /* CalculatorAppUITestsLaunchTests.swift in Sources */,
				167B33D62710AB21006A406A /* CalculatorAppUITests.swift in Sources */,
			);
			runOnlyForDeploymentPostprocessing = 0;
		};
/* End PBXSourcesBuildPhase section */

/* Begin PBXTargetDependency section */
		167B33C92710AB21006A406A /* PBXTargetDependency */ = {
			isa = PBXTargetDependency;
			target = 167B33B02710AB1E006A406A /* CalculatorApp */;
			targetProxy = 167B33C82710AB21006A406A /* PBXContainerItemProxy */;
		};
		167B33D32710AB21006A406A /* PBXTargetDependency */ = {
			isa = PBXTargetDependency;
			target = 167B33B02710AB1E006A406A /* CalculatorApp */;
			targetProxy = 167B33D22710AB21006A406A /* PBXContainerItemProxy */;
		};
/* End PBXTargetDependency section */

/* Begin PBXVariantGroup section */
		167B33BA2710AB1E006A406A /* Main.storyboard */ = {
			isa = PBXVariantGroup;
			children = (
				167B33BB2710AB1E006A406A /* Base */,
			);
			name = Main.storyboard;
			sourceTree = "<group>";
		};
		167B33BF2710AB20006A406A /* LaunchScreen.storyboard */ = {
			isa = PBXVariantGroup;
			children = (
				167B33C02710AB20006A406A /* Base */,
			);
			name = LaunchScreen.storyboard;
			sourceTree = "<group>";
		};
/* End PBXVariantGroup section */

/* Begin XCBuildConfiguration section */
		167B33D92710AB21006A406A /* Debug */ = {
			isa = XCBuildConfiguration;
			buildSettings = {
				ALWAYS_SEARCH_USER_PATHS = NO;
				CLANG_ANALYZER_NONNULL = YES;
				CLANG_ANALYZER_NUMBER_OBJECT_CONVERSION = YES_AGGRESSIVE;
				CLANG_CXX_LANGUAGE_STANDARD = "gnu++17";
				CLANG_CXX_LIBRARY = "libc++";
				CLANG_ENABLE_MODULES = YES;
				CLANG_ENABLE_OBJC_ARC = YES;
				CLANG_ENABLE_OBJC_WEAK = YES;
				CLANG_WARN_BLOCK_CAPTURE_AUTORELEASING = YES;
				CLANG_WARN_BOOL_CONVERSION = YES;
				CLANG_WARN_COMMA = YES;
				CLANG_WARN_CONSTANT_CONVERSION = YES;
				CLANG_WARN_DEPRECATED_OBJC_IMPLEMENTATIONS = YES;
				CLANG_WARN_DIRECT_OBJC_ISA_USAGE = YES_ERROR;
				CLANG_WARN_DOCUMENTATION_COMMENTS = YES;
				CLANG_WARN_EMPTY_BODY = YES;
				CLANG_WARN_ENUM_CONVERSION = YES;
				CLANG_WARN_INFINITE_RECURSION = YES;
				CLANG_WARN_INT_CONVERSION = YES;
				CLANG_WARN_NON_LITERAL_NULL_CONVERSION = YES;
				CLANG_WARN_OBJC_IMPLICIT_RETAIN_SELF = YES;
				CLANG_WARN_OBJC_LITERAL_CONVERSION = YES;
				CLANG_WARN_OBJC_ROOT_CLASS = YES_ERROR;
				CLANG_WARN_QUOTED_INCLUDE_IN_FRAMEWORK_HEADER = YES;
				CLANG_WARN_RANGE_LOOP_ANALYSIS = YES;
				CLANG_WARN_STRICT_PROTOTYPES = YES;
				CLANG_WARN_SUSPICIOUS_MOVE = YES;
				CLANG_WARN_UNGUARDED_AVAILABILITY = YES_AGGRESSIVE;
				CLANG_WARN_UNREACHABLE_CODE = YES;
				CLANG_WARN__DUPLICATE_METHOD_MATCH = YES;
				COPY_PHASE_STRIP = NO;
				DEBUG_INFORMATION_FORMAT = dwarf;
				ENABLE_STRICT_OBJC_MSGSEND = YES;
				ENABLE_TESTABILITY = YES;
				GCC_C_LANGUAGE_STANDARD = gnu11;
				GCC_DYNAMIC_NO_PIC = NO;
				GCC_NO_COMMON_BLOCKS = YES;
				GCC_OPTIMIZATION_LEVEL = 0;
				GCC_PREPROCESSOR_DEFINITIONS = (
					"DEBUG=1",
					"$(inherited)",
				);
				GCC_WARN_64_TO_32_BIT_CONVERSION = YES;
				GCC_WARN_ABOUT_RETURN_TYPE = YES_ERROR;
				GCC_WARN_UNDECLARED_SELECTOR = YES;
				GCC_WARN_UNINITIALIZED_AUTOS = YES_AGGRESSIVE;
				GCC_WARN_UNUSED_FUNCTION = YES;
				GCC_WARN_UNUSED_VARIABLE = YES;
				IPHONEOS_DEPLOYMENT_TARGET = 15.0;
				MTL_ENABLE_DEBUG_INFO = INCLUDE_SOURCE;
				MTL_FAST_MATH = YES;
				ONLY_ACTIVE_ARCH = YES;
				SDKROOT = iphoneos;
				SWIFT_ACTIVE_COMPILATION_CONDITIONS = DEBUG;
				SWIFT_OPTIMIZATION_LEVEL = "-Onone";
			};
			name = Debug;
		};
		167B33DA2710AB21006A406A /* Release */ = {
			isa = XCBuildConfiguration;
			buildSettings = {
				ALWAYS_SEARCH_USER_PATHS = NO;
				CLANG_ANALYZER_NONNULL = YES;
				CLANG_ANALYZER_NUMBER_OBJECT_CONVERSION = YES_AGGRESSIVE;
				CLANG_CXX_LANGUAGE_STANDARD = "gnu++17";
				CLANG_CXX_LIBRARY = "libc++";
				CLANG_ENABLE_MODULES = YES;
				CLANG_ENABLE_OBJC_ARC = YES;
				CLANG_ENABLE_OBJC_WEAK = YES;
				CLANG_WARN_BLOCK_CAPTURE_AUTORELEASING = YES;
				CLANG_WARN_BOOL_CONVERSION = YES;
				CLANG_WARN_COMMA = YES;
				CLANG_WARN_CONSTANT_CONVERSION = YES;
				CLANG_WARN_DEPRECATED_OBJC_IMPLEMENTATIONS = YES;
				CLANG_WARN_DIRECT_OBJC_ISA_USAGE = YES_ERROR;
				CLANG_WARN_DOCUMENTATION_COMMENTS = YES;
				CLANG_WARN_EMPTY_BODY = YES;
				CLANG_WARN_ENUM_CONVERSION = YES;
				CLANG_WARN_INFINITE_RECURSION = YES;
				CLANG_WARN_INT_CONVERSION = YES;
				CLANG_WARN_NON_LITERAL_NULL_CONVERSION = YES;
				CLANG_WARN_OBJC_IMPLICIT_RETAIN_SELF = YES;
				CLANG_WARN_OBJC_LITERAL_CONVERSION = YES;
				CLANG_WARN_OBJC_ROOT_CLASS = YES_ERROR;
				CLANG_WARN_QUOTED_INCLUDE_IN_FRAMEWORK_HEADER = YES;
				CLANG_WARN_RANGE_LOOP_ANALYSIS = YES;
				CLANG_WARN_STRICT_PROTOTYPES = YES;
				CLANG_WARN_SUSPICIOUS_MOVE = YES;
				CLANG_WARN_UNGUARDED_AVAILABILITY = YES_AGGRESSIVE;
				CLANG_WARN_UNREACHABLE_CODE = YES;
				CLANG_WARN__DUPLICATE_METHOD_MATCH = YES;
				COPY_PHASE_STRIP = NO;
				DEBUG_INFORMATION_FORMAT = "dwarf-with-dsym";
				ENABLE_NS_ASSERTIONS = NO;
				ENABLE_STRICT_OBJC_MSGSEND = YES;
				GCC_C_LANGUAGE_STANDARD = gnu11;
				GCC_NO_COMMON_BLOCKS = YES;
				GCC_WARN_64_TO_32_BIT_CONVERSION = YES;
				GCC_WARN_ABOUT_RETURN_TYPE = YES_ERROR;
				GCC_WARN_UNDECLARED_SELECTOR = YES;
				GCC_WARN_UNINITIALIZED_AUTOS = YES_AGGRESSIVE;
				GCC_WARN_UNUSED_FUNCTION = YES;
				GCC_WARN_UNUSED_VARIABLE = YES;
				IPHONEOS_DEPLOYMENT_TARGET = 15.0;
				MTL_ENABLE_DEBUG_INFO = NO;
				MTL_FAST_MATH = YES;
				SDKROOT = iphoneos;
				SWIFT_COMPILATION_MODE = wholemodule;
				SWIFT_OPTIMIZATION_LEVEL = "-O";
				VALIDATE_PRODUCT = YES;
			};
			name = Release;
		};
		167B33DC2710AB21006A406A /* Debug */ = {
			isa = XCBuildConfiguration;
			buildSettings = {
				ASSETCATALOG_COMPILER_APPICON_NAME = AppIcon;
				ASSETCATALOG_COMPILER_GLOBAL_ACCENT_COLOR_NAME = AccentColor;
				CODE_SIGN_STYLE = Automatic;
				CURRENT_PROJECT_VERSION = 1;
				GENERATE_INFOPLIST_FILE = YES;
				INFOPLIST_FILE = CalculatorApp/Info.plist;
				INFOPLIST_KEY_UIApplicationSupportsIndirectInputEvents = YES;
				INFOPLIST_KEY_UILaunchStoryboardName = LaunchScreen;
				INFOPLIST_KEY_UIMainStoryboardFile = Main;
				INFOPLIST_KEY_UISupportedInterfaceOrientations_iPad = "UIInterfaceOrientationPortrait UIInterfaceOrientationPortraitUpsideDown UIInterfaceOrientationLandscapeLeft UIInterfaceOrientationLandscapeRight";
				INFOPLIST_KEY_UISupportedInterfaceOrientations_iPhone = "UIInterfaceOrientationPortrait UIInterfaceOrientationLandscapeLeft UIInterfaceOrientationLandscapeRight";
				LD_RUNPATH_SEARCH_PATHS = (
					"$(inherited)",
					"@executable_path/Frameworks",
				);
				MARKETING_VERSION = 1.0;
				PRODUCT_BUNDLE_IDENTIFIER = com.example.CalculatorApp;
				PRODUCT_NAME = "$(TARGET_NAME)";
				SWIFT_EMIT_LOC_STRINGS = YES;
				SWIFT_VERSION = 5.0;
				TARGETED_DEVICE_FAMILY = "1,2";
			};
			name = Debug;
		};
		167B33DD2710AB21006A406A /* Release */ = {
			isa = XCBuildConfiguration;
			buildSettings = {
				ASSETCATALOG_COMPILER_APPICON_NAME = AppIcon;
				ASSETCATALOG_COMPILER_GLOBAL_ACCENT_COLOR_NAME = AccentColor;
				CODE_SIGN_STYLE = Automatic;
				CURRENT_PROJECT_VERSION = 1;
				GENERATE_INFOPLIST_FILE = YES;
				INFOPLIST_FILE = CalculatorApp/Info.plist;
				INFOPLIST_KEY_UIApplicationSupportsIndirectInputEvents = YES;
				INFOPLIST_KEY_UILaunchStoryboardName = LaunchScreen;
				INFOPLIST_KEY_UIMainStoryboardFile = Main;
				INFOPLIST_KEY_UISupportedInterfaceOrientations_iPad = "UIInterfaceOrientationPortrait UIInterfaceOrientationPortraitUpsideDown UIInterfaceOrientationLandscapeLeft UIInterfaceOrientationLandscapeRight";
				INFOPLIST_KEY_UISupportedInterfaceOrientations_iPhone = "UIInterfaceOrientationPortrait UIInterfaceOrientationLandscapeLeft UIInterfaceOrientationLandscapeRight";
				LD_RUNPATH_SEARCH_PATHS = (
					"$(inherited)",
					"@executable_path/Frameworks",
				);
				MARKETING_VERSION = 1.0;
				PRODUCT_BUNDLE_IDENTIFIER = com.example.CalculatorApp;
				PRODUCT_NAME = "$(TARGET_NAME)";
				SWIFT_EMIT_LOC_STRINGS = YES;
				SWIFT_VERSION = 5.0;
				TARGETED_DEVICE_FAMILY = "1,2";
			};
			name = Release;
		};
		167B33DF2710AB21006A406A /* Debug */ = {
			isa = XCBuildConfiguration;
			buildSettings = {
				ALWAYS_EMBED_SWIFT_STANDARD_LIBRARIES = YES;
				BUNDLE_LOADER = "$(TEST_HOST)";
				CODE_SIGN_STYLE = Automatic;
				CURRENT_PROJECT_VERSION = 1;
				GENERATE_INFOPLIST_FILE = YES;
				IPHONEOS_DEPLOYMENT_TARGET = 15.0;
				LD_RUNPATH_SEARCH_PATHS = (
					"$(inherited)",
					"@executable_path/Frameworks",
					"@loader_path/Frameworks",
				);
				MARKETING_VERSION = 1.0;
				PRODUCT_BUNDLE_IDENTIFIER = com.example.CalculatorAppTests;
				PRODUCT_NAME = "$(TARGET_NAME)";
				SWIFT_EMIT_LOC_STRINGS = NO;
				SWIFT_VERSION = 5.0;
				TARGETED_DEVICE_FAMILY = "1,2";
				TEST_HOST = "$(BUILT_PRODUCTS_DIR)/CalculatorApp.app/CalculatorApp";
			};
			name = Debug;
		};
		167B33E02710AB21006A406A /* Release */ = {
			isa = XCBuildConfiguration;
			buildSettings = {
				ALWAYS_EMBED_SWIFT_STANDARD_LIBRARIES = YES;
				BUNDLE_LOADER = "$(TEST_HOST)";
				CODE_SIGN_STYLE = Automatic;
				CURRENT_PROJECT_VERSION = 1;
				GENERATE_INFOPLIST_FILE = YES;
				IPHONEOS_DEPLOYMENT_TARGET = 15.0;
				LD_RUNPATH_SEARCH_PATHS = (
					"$(inherited)",
					"@executable_path/Frameworks",
					"@loader_path/Frameworks",
				);
				MARKETING_VERSION = 1.0;
				PRODUCT_BUNDLE_IDENTIFIER = com.example.CalculatorAppTests;
				PRODUCT_NAME = "$(TARGET_NAME)";
				SWIFT_EMIT_LOC_STRINGS = NO;
				SWIFT_VERSION = 5.0;
				TARGETED_DEVICE_FAMILY = "1,2";
				TEST_HOST = "$(BUILT_PRODUCTS_DIR)/CalculatorApp.app/CalculatorApp";
			};
			name = Release;
		};
		167B33E22710AB21006A406A /* Debug */ = {
			isa = XCBuildConfiguration;
			buildSettings = {
				ALWAYS_EMBED_SWIFT_STANDARD_LIBRARIES = YES;
				CODE_SIGN_STYLE = Automatic;
				CURRENT_PROJECT_VERSION = 1;
				GENERATE_INFOPLIST_FILE = YES;
				LD_RUNPATH_SEARCH_PATHS = (
					"$(inherited)",
					"@executable_path/Frameworks",
					"@loader_path/Frameworks",
				);
				MARKETING_VERSION = 1.0;
				PRODUCT_BUNDLE_IDENTIFIER = com.example.CalculatorAppUITests;
				PRODUCT_NAME = "$(TARGET_NAME)";
				SWIFT_EMIT_LOC_STRINGS = NO;
				SWIFT_VERSION = 5.0;
				TARGETED_DEVICE_FAMILY = "1,2";
				TEST_TARGET_NAME = CalculatorApp;
			};
			name = Debug;
		};
		167B33E32710AB21006A406A /* Release */ = {
			isa = XCBuildConfiguration;
			buildSettings = {
				ALWAYS_EMBED_SWIFT_STANDARD_LIBRARIES = YES;
				CODE_SIGN_STYLE = Automatic;
				CURRENT_PROJECT_VERSION = 1;
				GENERATE_INFOPLIST_FILE = YES;
				LD_RUNPATH_SEARCH_PATHS = (
					"$(inherited)",
					"@executable_path/Frameworks",
					"@loader_path/Frameworks",
				);
				MARKETING_VERSION = 1.0;
				PRODUCT_BUNDLE_IDENTIFIER = com.example.CalculatorAppUITests;
				PRODUCT_NAME = "$(TARGET_NAME)";
				SWIFT_EMIT_LOC_STRINGS = NO;
				SWIFT_VERSION = 5.0;
				TARGETED_DEVICE_FAMILY = "1,2";
				TEST_TARGET_NAME = CalculatorApp;
			};
			name = Release;
		};
/* End XCBuildConfiguration section */

/* Begin XCConfigurationList section */
		167B33AC2710AB1E006A406A /* Build configuration list for PBXProject "CalculatorApp" */ = {
			isa = XCConfigurationList;
			buildConfigurations = (
				167B33D92710AB21006A406A /* Debug */,
				167B33DA2710AB21006A406A /* Release */,
			);
			defaultConfigurationIsVisible = 0;
			defaultConfigurationName = Release;
		};
		167B33DB2710AB21006A406A /* Build configuration list for PBXNativeTarget "CalculatorApp" */ = {
			isa = XCConfigurationList;
			buildConfigurations = (
				167B33DC2710AB21006A406A /* Debug */,
				167B33DD2710AB21006A406A /* Release */,
			);
			defaultConfigurationIsVisible = 0;
			defaultConfigurationName = Release;
		};
		167B33DE2710AB21006A406A /* Build configuration list for PBXNativeTarget "CalculatorAppTests" */ = {
			isa = XCConfigurationList;
			buildConfigurations = (
				167B33DF2710AB21006A406A /* Debug */,
				167B33E02710AB21006A406A /* Release */,
			);
			defaultConfigurationIsVisible = 0;
			defaultConfigurationName = Release;
		};
		167B33E12710AB21006A406A /* Build configuration list for PBXNativeTarget "CalculatorAppUITests" */ = {
			isa = XCConfigurationList;
			buildConfigurations = (
				167B33E22710AB21006A406A /* Debug */,
				167B33E32710AB21006A406A /* Release */,
			);
			defaultConfigurationIsVisible = 0;
			defaultConfigurationName = Release;
		};
/* End XCConfigurationList section */
	};
	rootObject = 167B33A92710AB1E006A406A /* Project object */;
}
